
Microsoft Visual Studio Solution File, Format Version 12.00
# Visual Studio Version 17
VisualStudioVersion = 17.8.34322.80
MinimumVisualStudioVersion = 10.0.40219.1
Project("{FAE04EC0-301F-11D3-BF4B-00C04F79EFBC}") = "ShapeAreaCalculator", "ShapeAreaCalculator\ShapeAreaCalculator.csproj", "{DB14DB31-2D90-4954-A665-9134358EFA31}"
EndProject
Project("{FAE04EC0-301F-11D3-BF4B-00C04F79EFBC}") = "UnitTestProject", "UnitTestProject\UnitTestProject.csproj", "{8F71D7B1-5A29-40A9-8D33-9C25D3EAE995}"
EndProject
Global
	GlobalSection(SolutionConfigurationPlatforms) = preSolution
		Debug|Any CPU = Debug|Any CPU
		Release|Any CPU = Release|Any CPU
	EndGlobalSection
	GlobalSection(ProjectConfigurationPlatforms) = postSolution
		{DB14DB31-2D90-4954-A665-9134358EFA31}.Debug|Any CPU.ActiveCfg = Debug|Any CPU
		{DB14DB31-2D90-4954-A665-9134358EFA31}.Debug|Any CPU.Build.0 = Debug|Any CPU
		{DB14DB31-2D90-4954-A665-9134358EFA31}.Release|Any CPU.ActiveCfg = Release|Any CPU
		{DB14DB31-2D90-4954-A665-9134358EFA31}.Release|Any CPU.Build.0 = Release|Any CPU
		{8F71D7B1-5A29-40A9-8D33-9C25D3EAE995}.Debug|Any CPU.ActiveCfg = Debug|Any CPU
		{8F71D7B1-5A29-40A9-8D33-9C25D3EAE995}.Debug|Any CPU.Build.0 = Debug|Any CPU
		{8F71D7B1-5A29-40A9-8D33-9C25D3EAE995}.Release|Any CPU.ActiveCfg = Release|Any CPU
		{8F71D7B1-5A29-40A9-8D33-9C25D3EAE995}.Release|Any CPU.Build.0 = Release|Any CPU
	EndGlobalSection
	GlobalSection(SolutionProperties) = preSolution
		HideSolutionNode = FALSE
	EndGlobalSection
	GlobalSection(ExtensibilityGlobals) = postSolution
		SolutionGuid = {E5C11817-BB60-42D9-ACCF-BC761CD40C0C}
	EndGlobalSection
EndGlobal
